
Microsoft Visual Studio Solution File, Format Version 12.00
# Visual Studio Version 17
VisualStudioVersion = 17.14.36203.30 d17.14
MinimumVisualStudioVersion = 10.0.40219.1
Project("{FAE04EC0-301F-11D3-BF4B-00C04F79EFBC}") = "RestaurantAndHotel", "RestaurantAndHotel.csproj", "{B5E5B670-2A81-4F01-8527-742EE9A74363}"
EndProject
Project("{FAE04EC0-301F-11D3-BF4B-00C04F79EFBC}") = "DAL", "..\DAL\DAL.csproj", "{83F42E34-7D7C-4103-9597-B5038AAA7299}"
EndProject
Project("{FAE04EC0-301F-11D3-BF4B-00C04F79EFBC}") = "BLL", "..\BLL\BLL.csproj", "{5BB1F96D-4D92-40C6-BB3A-4BB0FC487300}"
EndProject
Global
	GlobalSection(SolutionConfigurationPlatforms) = preSolution
		Debug|Any CPU = Debug|Any CPU
		Release|Any CPU = Release|Any CPU
	EndGlobalSection
	GlobalSection(ProjectConfigurationPlatforms) = postSolution
		{B5E5B670-2A81-4F01-8527-742EE9A74363}.Debug|Any CPU.ActiveCfg = Debug|Any CPU
		{B5E5B670-2A81-4F01-8527-742EE9A74363}.Debug|Any CPU.Build.0 = Debug|Any CPU
		{B5E5B670-2A81-4F01-8527-742EE9A74363}.Release|Any CPU.ActiveCfg = Release|Any CPU
		{B5E5B670-2A81-4F01-8527-742EE9A74363}.Release|Any CPU.Build.0 = Release|Any CPU
		{83F42E34-7D7C-4103-9597-B5038AAA7299}.Debug|Any CPU.ActiveCfg = Debug|Any CPU
		{83F42E34-7D7C-4103-9597-B5038AAA7299}.Debug|Any CPU.Build.0 = Debug|Any CPU
		{83F42E34-7D7C-4103-9597-B5038AAA7299}.Release|Any CPU.ActiveCfg = Release|Any CPU
		{83F42E34-7D7C-4103-9597-B5038AAA7299}.Release|Any CPU.Build.0 = Release|Any CPU
		{5BB1F96D-4D92-40C6-BB3A-4BB0FC487300}.Debug|Any CPU.ActiveCfg = Debug|Any CPU
		{5BB1F96D-4D92-40C6-BB3A-4BB0FC487300}.Debug|Any CPU.Build.0 = Debug|Any CPU
		{5BB1F96D-4D92-40C6-BB3A-4BB0FC487300}.Release|Any CPU.ActiveCfg = Release|Any CPU
		{5BB1F96D-4D92-40C6-BB3A-4BB0FC487300}.Release|Any CPU.Build.0 = Release|Any CPU
	EndGlobalSection
	GlobalSection(SolutionProperties) = preSolution
		HideSolutionNode = FALSE
	EndGlobalSection
	GlobalSection(ExtensibilityGlobals) = postSolution
		SolutionGuid = {908DEFB0-1F09-450E-836F-F7ADEB41314F}
	EndGlobalSection
EndGlobal
